
Microsoft Visual Studio Solution File, Format Version 12.00
# Visual Studio Version 16
VisualStudioVersion = 16.0.31129.286
MinimumVisualStudioVersion = 10.0.40219.1
Project("{9A19103F-16F7-4668-BE54-9A1E7A4F7556}") = "LargeAmountOfTasks", "ManyTasks\LargeAmountOfTasks.csproj", "{AE7FEEC8-99B2-45D8-97F8-E8043447F5CD}"
EndProject
Project("{9A19103F-16F7-4668-BE54-9A1E7A4F7556}") = "AsyncAwaitSample", "AsyncAwait\AsyncAwaitSample.csproj", "{EA2C129B-0D39-4604-AC01-B5DFB8204C41}"
EndProject
Project("{9A19103F-16F7-4668-BE54-9A1E7A4F7556}") = "AsyncAwaitException", "AsyncAwaitException\AsyncAwaitException.csproj", "{8171469B-68D3-4C06-9305-B698FA34700C}"
EndProject
Project("{9A19103F-16F7-4668-BE54-9A1E7A4F7556}") = "CountUsersForPeriod", "CountUserForPeriod\CountUsersForPeriod.csproj", "{8E3ACD81-613D-4A39-9E54-F23B476A3869}"
EndProject
Project("{9A19103F-16F7-4668-BE54-9A1E7A4F7556}") = "CsvReader", "ReadCsvInDataTable\CsvReader.csproj", "{BCCBF1A4-8DFA-4DE9-ADDA-41C68257FDE8}"
EndProject
Project("{9A19103F-16F7-4668-BE54-9A1E7A4F7556}") = "TaskMatrixWithWait", "TaskMatrixWithWait\TaskMatrixWithWait.csproj", "{250878AC-E2EB-406F-A6D7-67907482481C}"
EndProject
Project("{9A19103F-16F7-4668-BE54-9A1E7A4F7556}") = "CheckTaskRunning", "CheckTaskRunning\CheckTaskRunning.csproj", "{421946B3-7333-4C24-B547-FF97A0DABCCE}"
EndProject
Project("{9A19103F-16F7-4668-BE54-9A1E7A4F7556}") = "NonBlockingAccess", "NonBlokingAccess\NonBlockingAccess.csproj", "{69DDBBF0-4F8E-4231-BC5E-AB1DDE1D570C}"
EndProject
Project("{9A19103F-16F7-4668-BE54-9A1E7A4F7556}") = "MayBeCall", "AnyOf\MayBeCall.csproj", "{9538D982-138E-4190-9A4C-63C6411A3499}"
EndProject
Project("{9A19103F-16F7-4668-BE54-9A1E7A4F7556}") = "DateTimeManage", "DateTimeManage\DateTimeManage.csproj", "{75B5FFB8-0564-4A0A-B027-B1F6B147DD33}"
EndProject
Project("{9A19103F-16F7-4668-BE54-9A1E7A4F7556}") = "ValueTaskSamples", "ValueTaskSamples\ValueTaskSamples.csproj", "{2ECBF1AF-9739-41AF-824F-398671BFD383}"
EndProject
Project("{9A19103F-16F7-4668-BE54-9A1E7A4F7556}") = "ReturnTaskWithoutAwait", "ReturnTaskWithoutAwait\ReturnTaskWithoutAwait.csproj", "{2951A307-E481-49B8-BFCA-7A31F8C161DD}"
EndProject
Project("{9A19103F-16F7-4668-BE54-9A1E7A4F7556}") = "OneOf", "OneOf\OneOf.csproj", "{F9B5CE91-1DC9-4ED9-B9DC-8CAEFE49055A}"
EndProject
Project("{9A19103F-16F7-4668-BE54-9A1E7A4F7556}") = "RandomTimer", "RandomTimer\RandomTimer.csproj", "{4AA36C69-968C-4DF7-B473-CB9097492FBC}"
EndProject
Project("{9A19103F-16F7-4668-BE54-9A1E7A4F7556}") = "RandomGauss", "RandomGauss\RandomGauss.csproj", "{3C395812-BCD7-45AA-A273-2D70BDFEA824}"
EndProject
Project("{9A19103F-16F7-4668-BE54-9A1E7A4F7556}") = "Distribution", "Distribution\Distribution.csproj", "{E15B9CCB-420D-454E-BE2A-CA6621315F69}"
EndProject
Project("{9A19103F-16F7-4668-BE54-9A1E7A4F7556}") = "AnalyticsBalancer", "AnalyticsBalancer\AnalyticsBalancer.csproj", "{EE64E3A0-A039-4DAC-8007-267758BFFB7C}"
EndProject
Project("{9A19103F-16F7-4668-BE54-9A1E7A4F7556}") = "GetNumFromEnumerableWithTask", "GetNumFromEnumerableWithTask\GetNumFromEnumerableWithTask.csproj", "{AD3AAE79-D144-40DF-8635-1A58BC326BC6}"
EndProject
Project("{9A19103F-16F7-4668-BE54-9A1E7A4F7556}") = "PerformanceWriteToFile", "PerformanceWriteToFile\PerformanceWriteToFile.csproj", "{985DA781-E649-4A5F-BAD6-BBB53768F9F9}"
EndProject
Project("{9A19103F-16F7-4668-BE54-9A1E7A4F7556}") = "PerformanceReadFile", "PerformanceReadFile\PerformanceReadFile.csproj", "{4A2FD1F7-B53A-476A-B770-BAE7FD73EA74}"
EndProject
Project("{9A19103F-16F7-4668-BE54-9A1E7A4F7556}") = "JsonReader", "ReadJsonFile\JsonReader.csproj", "{7863B0E1-3A58-4D64-A1CE-458929DD3C7C}"
EndProject
Project("{9A19103F-16F7-4668-BE54-9A1E7A4F7556}") = "ReflectionSamples", "ReflectionSamples\ReflectionSamples.csproj", "{C673D5FA-2EC7-4322-BC96-CEB9AD189EA0}"
EndProject
Project("{9A19103F-16F7-4668-BE54-9A1E7A4F7556}") = "ReportWriter", "ReportWriter\ReportWriter.csproj", "{5EDC1158-28D6-48E0-87E1-614BA074803D}"
EndProject
Project("{9A19103F-16F7-4668-BE54-9A1E7A4F7556}") = "Typeof", "Typeof\Typeof.csproj", "{0A3EFD90-7E01-4307-AD1A-BBEEC1C27795}"
EndProject
Project("{9A19103F-16F7-4668-BE54-9A1E7A4F7556}") = "HttpClientBase", "HttpClientBase\HttpClientBase.csproj", "{6EC7BBC2-1F45-497A-81EF-AFB562CACB96}"
EndProject
Project("{9A19103F-16F7-4668-BE54-9A1E7A4F7556}") = "CalcPeriodByStep", "CalcPeriodByStep\CalcPeriodByStep.csproj", "{819058BD-6FA1-4606-BFEA-85820C2C78D8}"
EndProject
Project("{9A19103F-16F7-4668-BE54-9A1E7A4F7556}") = "ReadonlyAttrCheck", "ReadonlyAttrCheck\ReadonlyAttrCheck.csproj", "{74241FB9-59DB-4C79-A331-43A289FF1084}"
EndProject
Project("{9A19103F-16F7-4668-BE54-9A1E7A4F7556}") = "XmlSer", "XmlSer\XmlSer.csproj", "{53AFCB89-C723-42A8-A05A-56BFFBBD0E14}"
EndProject
Project("{9A19103F-16F7-4668-BE54-9A1E7A4F7556}") = "GetNameFromEnum", "GetNameFromEnum\GetNameFromEnum.csproj", "{6B7E51AD-4E78-493F-81DD-865D0534A31D}"
EndProject
Project("{9A19103F-16F7-4668-BE54-9A1E7A4F7556}") = "WorkWithSoap", "WorkWithSoap\WorkWithSoap.csproj", "{C03D058F-7855-42F7-B0DA-A35E7E27E1B5}"
EndProject
Project("{9A19103F-16F7-4668-BE54-9A1E7A4F7556}") = "SoapClientHelper", "SoapClientHelper\SoapClientHelper.csproj", "{181319BE-45B3-4C85-98CE-EE4C83F5D847}"
EndProject
Project("{9A19103F-16F7-4668-BE54-9A1E7A4F7556}") = "AkkaHandler", "AkkaHandler\AkkaHandler.csproj", "{8DC57318-58FD-4D55-A0E9-93CF420C8249}"
EndProject
Global
	GlobalSection(SolutionConfigurationPlatforms) = preSolution
		Debug|Any CPU = Debug|Any CPU
		Release|Any CPU = Release|Any CPU
	EndGlobalSection
	GlobalSection(ProjectConfigurationPlatforms) = postSolution
		{AE7FEEC8-99B2-45D8-97F8-E8043447F5CD}.Debug|Any CPU.ActiveCfg = Debug|Any CPU
		{AE7FEEC8-99B2-45D8-97F8-E8043447F5CD}.Debug|Any CPU.Build.0 = Debug|Any CPU
		{AE7FEEC8-99B2-45D8-97F8-E8043447F5CD}.Release|Any CPU.ActiveCfg = Release|Any CPU
		{AE7FEEC8-99B2-45D8-97F8-E8043447F5CD}.Release|Any CPU.Build.0 = Release|Any CPU
		{EA2C129B-0D39-4604-AC01-B5DFB8204C41}.Debug|Any CPU.ActiveCfg = Debug|Any CPU
		{EA2C129B-0D39-4604-AC01-B5DFB8204C41}.Debug|Any CPU.Build.0 = Debug|Any CPU
		{EA2C129B-0D39-4604-AC01-B5DFB8204C41}.Release|Any CPU.ActiveCfg = Release|Any CPU
		{EA2C129B-0D39-4604-AC01-B5DFB8204C41}.Release|Any CPU.Build.0 = Release|Any CPU
		{8171469B-68D3-4C06-9305-B698FA34700C}.Debug|Any CPU.ActiveCfg = Debug|Any CPU
		{8171469B-68D3-4C06-9305-B698FA34700C}.Debug|Any CPU.Build.0 = Debug|Any CPU
		{8171469B-68D3-4C06-9305-B698FA34700C}.Release|Any CPU.ActiveCfg = Release|Any CPU
		{8171469B-68D3-4C06-9305-B698FA34700C}.Release|Any CPU.Build.0 = Release|Any CPU
		{8E3ACD81-613D-4A39-9E54-F23B476A3869}.Debug|Any CPU.ActiveCfg = Debug|Any CPU
		{8E3ACD81-613D-4A39-9E54-F23B476A3869}.Debug|Any CPU.Build.0 = Debug|Any CPU
		{8E3ACD81-613D-4A39-9E54-F23B476A3869}.Release|Any CPU.ActiveCfg = Release|Any CPU
		{8E3ACD81-613D-4A39-9E54-F23B476A3869}.Release|Any CPU.Build.0 = Release|Any CPU
		{BCCBF1A4-8DFA-4DE9-ADDA-41C68257FDE8}.Debug|Any CPU.ActiveCfg = Debug|Any CPU
		{BCCBF1A4-8DFA-4DE9-ADDA-41C68257FDE8}.Debug|Any CPU.Build.0 = Debug|Any CPU
		{BCCBF1A4-8DFA-4DE9-ADDA-41C68257FDE8}.Release|Any CPU.ActiveCfg = Release|Any CPU
		{BCCBF1A4-8DFA-4DE9-ADDA-41C68257FDE8}.Release|Any CPU.Build.0 = Release|Any CPU
		{250878AC-E2EB-406F-A6D7-67907482481C}.Debug|Any CPU.ActiveCfg = Debug|Any CPU
		{250878AC-E2EB-406F-A6D7-67907482481C}.Debug|Any CPU.Build.0 = Debug|Any CPU
		{250878AC-E2EB-406F-A6D7-67907482481C}.Release|Any CPU.ActiveCfg = Release|Any CPU
		{250878AC-E2EB-406F-A6D7-67907482481C}.Release|Any CPU.Build.0 = Release|Any CPU
		{421946B3-7333-4C24-B547-FF97A0DABCCE}.Debug|Any CPU.ActiveCfg = Debug|Any CPU
		{421946B3-7333-4C24-B547-FF97A0DABCCE}.Debug|Any CPU.Build.0 = Debug|Any CPU
		{421946B3-7333-4C24-B547-FF97A0DABCCE}.Release|Any CPU.ActiveCfg = Release|Any CPU
		{421946B3-7333-4C24-B547-FF97A0DABCCE}.Release|Any CPU.Build.0 = Release|Any CPU
		{69DDBBF0-4F8E-4231-BC5E-AB1DDE1D570C}.Debug|Any CPU.ActiveCfg = Debug|Any CPU
		{69DDBBF0-4F8E-4231-BC5E-AB1DDE1D570C}.Debug|Any CPU.Build.0 = Debug|Any CPU
		{69DDBBF0-4F8E-4231-BC5E-AB1DDE1D570C}.Release|Any CPU.ActiveCfg = Release|Any CPU
		{69DDBBF0-4F8E-4231-BC5E-AB1DDE1D570C}.Release|Any CPU.Build.0 = Release|Any CPU
		{9538D982-138E-4190-9A4C-63C6411A3499}.Debug|Any CPU.ActiveCfg = Debug|Any CPU
		{9538D982-138E-4190-9A4C-63C6411A3499}.Debug|Any CPU.Build.0 = Debug|Any CPU
		{9538D982-138E-4190-9A4C-63C6411A3499}.Release|Any CPU.ActiveCfg = Release|Any CPU
		{9538D982-138E-4190-9A4C-63C6411A3499}.Release|Any CPU.Build.0 = Release|Any CPU
		{75B5FFB8-0564-4A0A-B027-B1F6B147DD33}.Debug|Any CPU.ActiveCfg = Debug|Any CPU
		{75B5FFB8-0564-4A0A-B027-B1F6B147DD33}.Debug|Any CPU.Build.0 = Debug|Any CPU
		{75B5FFB8-0564-4A0A-B027-B1F6B147DD33}.Release|Any CPU.ActiveCfg = Release|Any CPU
		{75B5FFB8-0564-4A0A-B027-B1F6B147DD33}.Release|Any CPU.Build.0 = Release|Any CPU
		{2ECBF1AF-9739-41AF-824F-398671BFD383}.Debug|Any CPU.ActiveCfg = Debug|Any CPU
		{2ECBF1AF-9739-41AF-824F-398671BFD383}.Debug|Any CPU.Build.0 = Debug|Any CPU
		{2ECBF1AF-9739-41AF-824F-398671BFD383}.Release|Any CPU.ActiveCfg = Release|Any CPU
		{2ECBF1AF-9739-41AF-824F-398671BFD383}.Release|Any CPU.Build.0 = Release|Any CPU
		{2951A307-E481-49B8-BFCA-7A31F8C161DD}.Debug|Any CPU.ActiveCfg = Debug|Any CPU
		{2951A307-E481-49B8-BFCA-7A31F8C161DD}.Debug|Any CPU.Build.0 = Debug|Any CPU
		{2951A307-E481-49B8-BFCA-7A31F8C161DD}.Release|Any CPU.ActiveCfg = Release|Any CPU
		{2951A307-E481-49B8-BFCA-7A31F8C161DD}.Release|Any CPU.Build.0 = Release|Any CPU
		{F9B5CE91-1DC9-4ED9-B9DC-8CAEFE49055A}.Debug|Any CPU.ActiveCfg = Debug|Any CPU
		{F9B5CE91-1DC9-4ED9-B9DC-8CAEFE49055A}.Debug|Any CPU.Build.0 = Debug|Any CPU
		{F9B5CE91-1DC9-4ED9-B9DC-8CAEFE49055A}.Release|Any CPU.ActiveCfg = Release|Any CPU
		{F9B5CE91-1DC9-4ED9-B9DC-8CAEFE49055A}.Release|Any CPU.Build.0 = Release|Any CPU
		{4AA36C69-968C-4DF7-B473-CB9097492FBC}.Debug|Any CPU.ActiveCfg = Debug|Any CPU
		{4AA36C69-968C-4DF7-B473-CB9097492FBC}.Debug|Any CPU.Build.0 = Debug|Any CPU
		{4AA36C69-968C-4DF7-B473-CB9097492FBC}.Release|Any CPU.ActiveCfg = Release|Any CPU
		{4AA36C69-968C-4DF7-B473-CB9097492FBC}.Release|Any CPU.Build.0 = Release|Any CPU
		{3C395812-BCD7-45AA-A273-2D70BDFEA824}.Debug|Any CPU.ActiveCfg = Debug|Any CPU
		{3C395812-BCD7-45AA-A273-2D70BDFEA824}.Debug|Any CPU.Build.0 = Debug|Any CPU
		{3C395812-BCD7-45AA-A273-2D70BDFEA824}.Release|Any CPU.ActiveCfg = Release|Any CPU
		{3C395812-BCD7-45AA-A273-2D70BDFEA824}.Release|Any CPU.Build.0 = Release|Any CPU
		{E15B9CCB-420D-454E-BE2A-CA6621315F69}.Debug|Any CPU.ActiveCfg = Debug|Any CPU
		{E15B9CCB-420D-454E-BE2A-CA6621315F69}.Debug|Any CPU.Build.0 = Debug|Any CPU
		{E15B9CCB-420D-454E-BE2A-CA6621315F69}.Release|Any CPU.ActiveCfg = Release|Any CPU
		{E15B9CCB-420D-454E-BE2A-CA6621315F69}.Release|Any CPU.Build.0 = Release|Any CPU
		{EE64E3A0-A039-4DAC-8007-267758BFFB7C}.Debug|Any CPU.ActiveCfg = Debug|Any CPU
		{EE64E3A0-A039-4DAC-8007-267758BFFB7C}.Debug|Any CPU.Build.0 = Debug|Any CPU
		{EE64E3A0-A039-4DAC-8007-267758BFFB7C}.Release|Any CPU.ActiveCfg = Release|Any CPU
		{EE64E3A0-A039-4DAC-8007-267758BFFB7C}.Release|Any CPU.Build.0 = Release|Any CPU
		{AD3AAE79-D144-40DF-8635-1A58BC326BC6}.Debug|Any CPU.ActiveCfg = Debug|Any CPU
		{AD3AAE79-D144-40DF-8635-1A58BC326BC6}.Debug|Any CPU.Build.0 = Debug|Any CPU
		{AD3AAE79-D144-40DF-8635-1A58BC326BC6}.Release|Any CPU.ActiveCfg = Release|Any CPU
		{AD3AAE79-D144-40DF-8635-1A58BC326BC6}.Release|Any CPU.Build.0 = Release|Any CPU
		{985DA781-E649-4A5F-BAD6-BBB53768F9F9}.Debug|Any CPU.ActiveCfg = Debug|Any CPU
		{985DA781-E649-4A5F-BAD6-BBB53768F9F9}.Debug|Any CPU.Build.0 = Debug|Any CPU
		{985DA781-E649-4A5F-BAD6-BBB53768F9F9}.Release|Any CPU.ActiveCfg = Release|Any CPU
		{985DA781-E649-4A5F-BAD6-BBB53768F9F9}.Release|Any CPU.Build.0 = Release|Any CPU
		{4A2FD1F7-B53A-476A-B770-BAE7FD73EA74}.Debug|Any CPU.ActiveCfg = Debug|Any CPU
		{4A2FD1F7-B53A-476A-B770-BAE7FD73EA74}.Debug|Any CPU.Build.0 = Debug|Any CPU
		{4A2FD1F7-B53A-476A-B770-BAE7FD73EA74}.Release|Any CPU.ActiveCfg = Release|Any CPU
		{4A2FD1F7-B53A-476A-B770-BAE7FD73EA74}.Release|Any CPU.Build.0 = Release|Any CPU
		{7863B0E1-3A58-4D64-A1CE-458929DD3C7C}.Debug|Any CPU.ActiveCfg = Debug|Any CPU
		{7863B0E1-3A58-4D64-A1CE-458929DD3C7C}.Debug|Any CPU.Build.0 = Debug|Any CPU
		{7863B0E1-3A58-4D64-A1CE-458929DD3C7C}.Release|Any CPU.ActiveCfg = Release|Any CPU
		{7863B0E1-3A58-4D64-A1CE-458929DD3C7C}.Release|Any CPU.Build.0 = Release|Any CPU
		{C673D5FA-2EC7-4322-BC96-CEB9AD189EA0}.Debug|Any CPU.ActiveCfg = Debug|Any CPU
		{C673D5FA-2EC7-4322-BC96-CEB9AD189EA0}.Debug|Any CPU.Build.0 = Debug|Any CPU
		{C673D5FA-2EC7-4322-BC96-CEB9AD189EA0}.Release|Any CPU.ActiveCfg = Release|Any CPU
		{C673D5FA-2EC7-4322-BC96-CEB9AD189EA0}.Release|Any CPU.Build.0 = Release|Any CPU
		{5EDC1158-28D6-48E0-87E1-614BA074803D}.Debug|Any CPU.ActiveCfg = Debug|Any CPU
		{5EDC1158-28D6-48E0-87E1-614BA074803D}.Debug|Any CPU.Build.0 = Debug|Any CPU
		{5EDC1158-28D6-48E0-87E1-614BA074803D}.Release|Any CPU.ActiveCfg = Release|Any CPU
		{5EDC1158-28D6-48E0-87E1-614BA074803D}.Release|Any CPU.Build.0 = Release|Any CPU
		{0A3EFD90-7E01-4307-AD1A-BBEEC1C27795}.Debug|Any CPU.ActiveCfg = Debug|Any CPU
		{0A3EFD90-7E01-4307-AD1A-BBEEC1C27795}.Debug|Any CPU.Build.0 = Debug|Any CPU
		{0A3EFD90-7E01-4307-AD1A-BBEEC1C27795}.Release|Any CPU.ActiveCfg = Release|Any CPU
		{0A3EFD90-7E01-4307-AD1A-BBEEC1C27795}.Release|Any CPU.Build.0 = Release|Any CPU
		{6EC7BBC2-1F45-497A-81EF-AFB562CACB96}.Debug|Any CPU.ActiveCfg = Debug|Any CPU
		{6EC7BBC2-1F45-497A-81EF-AFB562CACB96}.Debug|Any CPU.Build.0 = Debug|Any CPU
		{6EC7BBC2-1F45-497A-81EF-AFB562CACB96}.Release|Any CPU.ActiveCfg = Release|Any CPU
		{6EC7BBC2-1F45-497A-81EF-AFB562CACB96}.Release|Any CPU.Build.0 = Release|Any CPU
		{819058BD-6FA1-4606-BFEA-85820C2C78D8}.Debug|Any CPU.ActiveCfg = Debug|Any CPU
		{819058BD-6FA1-4606-BFEA-85820C2C78D8}.Debug|Any CPU.Build.0 = Debug|Any CPU
		{819058BD-6FA1-4606-BFEA-85820C2C78D8}.Release|Any CPU.ActiveCfg = Release|Any CPU
		{819058BD-6FA1-4606-BFEA-85820C2C78D8}.Release|Any CPU.Build.0 = Release|Any CPU
		{74241FB9-59DB-4C79-A331-43A289FF1084}.Debug|Any CPU.ActiveCfg = Debug|Any CPU
		{74241FB9-59DB-4C79-A331-43A289FF1084}.Debug|Any CPU.Build.0 = Debug|Any CPU
		{74241FB9-59DB-4C79-A331-43A289FF1084}.Release|Any CPU.ActiveCfg = Release|Any CPU
		{74241FB9-59DB-4C79-A331-43A289FF1084}.Release|Any CPU.Build.0 = Release|Any CPU
		{53AFCB89-C723-42A8-A05A-56BFFBBD0E14}.Debug|Any CPU.ActiveCfg = Debug|Any CPU
		{53AFCB89-C723-42A8-A05A-56BFFBBD0E14}.Debug|Any CPU.Build.0 = Debug|Any CPU
		{53AFCB89-C723-42A8-A05A-56BFFBBD0E14}.Release|Any CPU.ActiveCfg = Release|Any CPU
		{53AFCB89-C723-42A8-A05A-56BFFBBD0E14}.Release|Any CPU.Build.0 = Release|Any CPU
		{6B7E51AD-4E78-493F-81DD-865D0534A31D}.Debug|Any CPU.ActiveCfg = Debug|Any CPU
		{6B7E51AD-4E78-493F-81DD-865D0534A31D}.Debug|Any CPU.Build.0 = Debug|Any CPU
		{6B7E51AD-4E78-493F-81DD-865D0534A31D}.Release|Any CPU.ActiveCfg = Release|Any CPU
		{6B7E51AD-4E78-493F-81DD-865D0534A31D}.Release|Any CPU.Build.0 = Release|Any CPU
		{C03D058F-7855-42F7-B0DA-A35E7E27E1B5}.Debug|Any CPU.ActiveCfg = Debug|Any CPU
		{C03D058F-7855-42F7-B0DA-A35E7E27E1B5}.Debug|Any CPU.Build.0 = Debug|Any CPU
		{C03D058F-7855-42F7-B0DA-A35E7E27E1B5}.Release|Any CPU.ActiveCfg = Release|Any CPU
		{C03D058F-7855-42F7-B0DA-A35E7E27E1B5}.Release|Any CPU.Build.0 = Release|Any CPU
		{181319BE-45B3-4C85-98CE-EE4C83F5D847}.Debug|Any CPU.ActiveCfg = Debug|Any CPU
		{181319BE-45B3-4C85-98CE-EE4C83F5D847}.Debug|Any CPU.Build.0 = Debug|Any CPU
		{181319BE-45B3-4C85-98CE-EE4C83F5D847}.Release|Any CPU.ActiveCfg = Release|Any CPU
		{181319BE-45B3-4C85-98CE-EE4C83F5D847}.Release|Any CPU.Build.0 = Release|Any CPU
		{8DC57318-58FD-4D55-A0E9-93CF420C8249}.Debug|Any CPU.ActiveCfg = Debug|Any CPU
		{8DC57318-58FD-4D55-A0E9-93CF420C8249}.Debug|Any CPU.Build.0 = Debug|Any CPU
		{8DC57318-58FD-4D55-A0E9-93CF420C8249}.Release|Any CPU.ActiveCfg = Release|Any CPU
		{8DC57318-58FD-4D55-A0E9-93CF420C8249}.Release|Any CPU.Build.0 = Release|Any CPU
	EndGlobalSection
	GlobalSection(SolutionProperties) = preSolution
		HideSolutionNode = FALSE
	EndGlobalSection
	GlobalSection(ExtensibilityGlobals) = postSolution
		SolutionGuid = {3A36B8D4-D8B3-4218-B83E-0B1CE87961FC}
	EndGlobalSection
EndGlobal
