
Microsoft Visual Studio Solution File, Format Version 12.00
# Visual Studio Version 16
VisualStudioVersion = 16.0.31129.286
MinimumVisualStudioVersion = 10.0.40219.1
Project("{9A19103F-16F7-4668-BE54-9A1E7A4F7556}") = "LargeAmountOfTasks", "ManyTasks\LargeAmountOfTasks.csproj", "{AE7FEEC8-99B2-45D8-97F8-E8043447F5CD}"
EndProject
Project("{9A19103F-16F7-4668-BE54-9A1E7A4F7556}") = "AsyncAwaitSample", "AsyncAwait\AsyncAwaitSample.csproj", "{EA2C129B-0D39-4604-AC01-B5DFB8204C41}"
EndProject
Project("{9A19103F-16F7-4668-BE54-9A1E7A4F7556}") = "AsyncAwaitException", "AsyncAwaitException\AsyncAwaitException.csproj", "{8171469B-68D3-4C06-9305-B698FA34700C}"
EndProject
Project("{9A19103F-16F7-4668-BE54-9A1E7A4F7556}") = "CountUsersForPeriod", "CountUserForPeriod\CountUsersForPeriod.csproj", "{8E3ACD81-613D-4A39-9E54-F23B476A3869}"
EndProject
Project("{9A19103F-16F7-4668-BE54-9A1E7A4F7556}") = "ReadCsvInDataTable", "ReadCsvInDataTable\ReadCsvInDataTable.csproj", "{BCCBF1A4-8DFA-4DE9-ADDA-41C68257FDE8}"
EndProject
Project("{9A19103F-16F7-4668-BE54-9A1E7A4F7556}") = "TaskMatrixWithWait", "TaskMatrixWithWait\TaskMatrixWithWait.csproj", "{250878AC-E2EB-406F-A6D7-67907482481C}"
EndProject
Project("{9A19103F-16F7-4668-BE54-9A1E7A4F7556}") = "CheckTaskRunning", "CheckTaskRunning\CheckTaskRunning.csproj", "{421946B3-7333-4C24-B547-FF97A0DABCCE}"
EndProject
Project("{9A19103F-16F7-4668-BE54-9A1E7A4F7556}") = "NonBlockingAccess", "NonBlokingAccess\NonBlockingAccess.csproj", "{69DDBBF0-4F8E-4231-BC5E-AB1DDE1D570C}"
EndProject
Project("{9A19103F-16F7-4668-BE54-9A1E7A4F7556}") = "MayBeCall", "AnyOf\MayBeCall.csproj", "{9538D982-138E-4190-9A4C-63C6411A3499}"
EndProject
Project("{9A19103F-16F7-4668-BE54-9A1E7A4F7556}") = "DateTimeManage", "DateTimeManage\DateTimeManage.csproj", "{75B5FFB8-0564-4A0A-B027-B1F6B147DD33}"
EndProject
Project("{FAE04EC0-301F-11D3-BF4B-00C04F79EFBC}") = "ValueTaskSamples", "ValueTaskSamples\ValueTaskSamples.csproj", "{2ECBF1AF-9739-41AF-824F-398671BFD383}"
EndProject
Global
	GlobalSection(SolutionConfigurationPlatforms) = preSolution
		Debug|Any CPU = Debug|Any CPU
		Release|Any CPU = Release|Any CPU
	EndGlobalSection
	GlobalSection(ProjectConfigurationPlatforms) = postSolution
		{AE7FEEC8-99B2-45D8-97F8-E8043447F5CD}.Debug|Any CPU.ActiveCfg = Debug|Any CPU
		{AE7FEEC8-99B2-45D8-97F8-E8043447F5CD}.Debug|Any CPU.Build.0 = Debug|Any CPU
		{AE7FEEC8-99B2-45D8-97F8-E8043447F5CD}.Release|Any CPU.ActiveCfg = Release|Any CPU
		{AE7FEEC8-99B2-45D8-97F8-E8043447F5CD}.Release|Any CPU.Build.0 = Release|Any CPU
		{EA2C129B-0D39-4604-AC01-B5DFB8204C41}.Debug|Any CPU.ActiveCfg = Debug|Any CPU
		{EA2C129B-0D39-4604-AC01-B5DFB8204C41}.Debug|Any CPU.Build.0 = Debug|Any CPU
		{EA2C129B-0D39-4604-AC01-B5DFB8204C41}.Release|Any CPU.ActiveCfg = Release|Any CPU
		{EA2C129B-0D39-4604-AC01-B5DFB8204C41}.Release|Any CPU.Build.0 = Release|Any CPU
		{8171469B-68D3-4C06-9305-B698FA34700C}.Debug|Any CPU.ActiveCfg = Debug|Any CPU
		{8171469B-68D3-4C06-9305-B698FA34700C}.Debug|Any CPU.Build.0 = Debug|Any CPU
		{8171469B-68D3-4C06-9305-B698FA34700C}.Release|Any CPU.ActiveCfg = Release|Any CPU
		{8171469B-68D3-4C06-9305-B698FA34700C}.Release|Any CPU.Build.0 = Release|Any CPU
		{8E3ACD81-613D-4A39-9E54-F23B476A3869}.Debug|Any CPU.ActiveCfg = Debug|Any CPU
		{8E3ACD81-613D-4A39-9E54-F23B476A3869}.Debug|Any CPU.Build.0 = Debug|Any CPU
		{8E3ACD81-613D-4A39-9E54-F23B476A3869}.Release|Any CPU.ActiveCfg = Release|Any CPU
		{8E3ACD81-613D-4A39-9E54-F23B476A3869}.Release|Any CPU.Build.0 = Release|Any CPU
		{BCCBF1A4-8DFA-4DE9-ADDA-41C68257FDE8}.Debug|Any CPU.ActiveCfg = Debug|Any CPU
		{BCCBF1A4-8DFA-4DE9-ADDA-41C68257FDE8}.Debug|Any CPU.Build.0 = Debug|Any CPU
		{BCCBF1A4-8DFA-4DE9-ADDA-41C68257FDE8}.Release|Any CPU.ActiveCfg = Release|Any CPU
		{BCCBF1A4-8DFA-4DE9-ADDA-41C68257FDE8}.Release|Any CPU.Build.0 = Release|Any CPU
		{250878AC-E2EB-406F-A6D7-67907482481C}.Debug|Any CPU.ActiveCfg = Debug|Any CPU
		{250878AC-E2EB-406F-A6D7-67907482481C}.Debug|Any CPU.Build.0 = Debug|Any CPU
		{250878AC-E2EB-406F-A6D7-67907482481C}.Release|Any CPU.ActiveCfg = Release|Any CPU
		{250878AC-E2EB-406F-A6D7-67907482481C}.Release|Any CPU.Build.0 = Release|Any CPU
		{421946B3-7333-4C24-B547-FF97A0DABCCE}.Debug|Any CPU.ActiveCfg = Debug|Any CPU
		{421946B3-7333-4C24-B547-FF97A0DABCCE}.Debug|Any CPU.Build.0 = Debug|Any CPU
		{421946B3-7333-4C24-B547-FF97A0DABCCE}.Release|Any CPU.ActiveCfg = Release|Any CPU
		{421946B3-7333-4C24-B547-FF97A0DABCCE}.Release|Any CPU.Build.0 = Release|Any CPU
		{69DDBBF0-4F8E-4231-BC5E-AB1DDE1D570C}.Debug|Any CPU.ActiveCfg = Debug|Any CPU
		{69DDBBF0-4F8E-4231-BC5E-AB1DDE1D570C}.Debug|Any CPU.Build.0 = Debug|Any CPU
		{69DDBBF0-4F8E-4231-BC5E-AB1DDE1D570C}.Release|Any CPU.ActiveCfg = Release|Any CPU
		{69DDBBF0-4F8E-4231-BC5E-AB1DDE1D570C}.Release|Any CPU.Build.0 = Release|Any CPU
		{9538D982-138E-4190-9A4C-63C6411A3499}.Debug|Any CPU.ActiveCfg = Debug|Any CPU
		{9538D982-138E-4190-9A4C-63C6411A3499}.Debug|Any CPU.Build.0 = Debug|Any CPU
		{9538D982-138E-4190-9A4C-63C6411A3499}.Release|Any CPU.ActiveCfg = Release|Any CPU
		{9538D982-138E-4190-9A4C-63C6411A3499}.Release|Any CPU.Build.0 = Release|Any CPU
		{75B5FFB8-0564-4A0A-B027-B1F6B147DD33}.Debug|Any CPU.ActiveCfg = Debug|Any CPU
		{75B5FFB8-0564-4A0A-B027-B1F6B147DD33}.Debug|Any CPU.Build.0 = Debug|Any CPU
		{75B5FFB8-0564-4A0A-B027-B1F6B147DD33}.Release|Any CPU.ActiveCfg = Release|Any CPU
		{75B5FFB8-0564-4A0A-B027-B1F6B147DD33}.Release|Any CPU.Build.0 = Release|Any CPU
		{2ECBF1AF-9739-41AF-824F-398671BFD383}.Debug|Any CPU.ActiveCfg = Debug|Any CPU
		{2ECBF1AF-9739-41AF-824F-398671BFD383}.Debug|Any CPU.Build.0 = Debug|Any CPU
		{2ECBF1AF-9739-41AF-824F-398671BFD383}.Release|Any CPU.ActiveCfg = Release|Any CPU
		{2ECBF1AF-9739-41AF-824F-398671BFD383}.Release|Any CPU.Build.0 = Release|Any CPU
	EndGlobalSection
	GlobalSection(SolutionProperties) = preSolution
		HideSolutionNode = FALSE
	EndGlobalSection
	GlobalSection(ExtensibilityGlobals) = postSolution
		SolutionGuid = {3A36B8D4-D8B3-4218-B83E-0B1CE87961FC}
	EndGlobalSection
EndGlobal
